// !$*UTF8*$!
{
	archiveVersion = 1;
	classes = {
	};
	objectVersion = 46;
	objects = {

/* Begin PBXBuildFile section */
		A9FB2526462306FFD9E5240D /* Pods_iOSApp.framework in Frameworks */ = {isa = PBXBuildFile; fileRef = DD2EBB8156CB83115F3BB30C /* Pods_iOSApp.framework */; };
		D09810E61C86DE5F0025E968 /* Podfile in Resources */ = {isa = PBXBuildFile; fileRef = D09810E51C86DE5F0025E968 /* Podfile */; };
		D09810E81C875FE20025E968 /* Location.swift in Sources */ = {isa = PBXBuildFile; fileRef = D09810E71C875FE20025E968 /* Location.swift */; };
		D09810EA1C87688E0025E968 /* LocationViewController.swift in Sources */ = {isa = PBXBuildFile; fileRef = D09810E91C87688E0025E968 /* LocationViewController.swift */; };
		D09810EE1C876D2F0025E968 /* MapViewController.swift in Sources */ = {isa = PBXBuildFile; fileRef = D09810ED1C876D2F0025E968 /* MapViewController.swift */; };
		D09810F01C8787420025E968 /* LocationTableViewCell.swift in Sources */ = {isa = PBXBuildFile; fileRef = D09810EF1C8787420025E968 /* LocationTableViewCell.swift */; };
		D09810F71C8823240025E968 /* LandingViewController.swift in Sources */ = {isa = PBXBuildFile; fileRef = D09810F61C8823240025E968 /* LandingViewController.swift */; };
		D09810FC1C8A0E550025E968 /* InfoTableViewController.swift in Sources */ = {isa = PBXBuildFile; fileRef = D09810FB1C8A0E550025E968 /* InfoTableViewController.swift */; };
		D09810FE1C8A1B0F0025E968 /* DeveloperViewController.swift in Sources */ = {isa = PBXBuildFile; fileRef = D09810FD1C8A1B0F0025E968 /* DeveloperViewController.swift */; };
		D0E701D51C86DC77002F3FBF /* AppDelegate.swift in Sources */ = {isa = PBXBuildFile; fileRef = D0E701D41C86DC77002F3FBF /* AppDelegate.swift */; };
		D0E701D71C86DC77002F3FBF /* LocationsViewController.swift in Sources */ = {isa = PBXBuildFile; fileRef = D0E701D61C86DC77002F3FBF /* LocationsViewController.swift */; };
		D0E701DA1C86DC77002F3FBF /* Main.storyboard in Resources */ = {isa = PBXBuildFile; fileRef = D0E701D81C86DC77002F3FBF /* Main.storyboard */; };
		D0E701DC1C86DC77002F3FBF /* Assets.xcassets in Resources */ = {isa = PBXBuildFile; fileRef = D0E701DB1C86DC77002F3FBF /* Assets.xcassets */; };
		D0E701DF1C86DC77002F3FBF /* LaunchScreen.storyboard in Resources */ = {isa = PBXBuildFile; fileRef = D0E701DD1C86DC77002F3FBF /* LaunchScreen.storyboard */; };
		D0E701EA1C86DC77002F3FBF /* iOSAppTests.swift in Sources */ = {isa = PBXBuildFile; fileRef = D0E701E91C86DC77002F3FBF /* iOSAppTests.swift */; };
		D0E701F51C86DC77002F3FBF /* iOSAppUITests.swift in Sources */ = {isa = PBXBuildFile; fileRef = D0E701F41C86DC77002F3FBF /* iOSAppUITests.swift */; };
/* End PBXBuildFile section */

/* Begin PBXContainerItemProxy section */
		D0E701E61C86DC77002F3FBF /* PBXContainerItemProxy */ = {
			isa = PBXContainerItemProxy;
			containerPortal = D0E701C91C86DC77002F3FBF /* Project object */;
			proxyType = 1;
			remoteGlobalIDString = D0E701D01C86DC77002F3FBF;
			remoteInfo = iOSApp;
		};
		D0E701F11C86DC77002F3FBF /* PBXContainerItemProxy */ = {
			isa = PBXContainerItemProxy;
			containerPortal = D0E701C91C86DC77002F3FBF /* Project object */;
			proxyType = 1;
			remoteGlobalIDString = D0E701D01C86DC77002F3FBF;
			remoteInfo = iOSApp;
		};
/* End PBXContainerItemProxy section */

/* Begin PBXFileReference section */
		74910DC104FE74D2A86E8FDC /* Pods-iOSApp.debug.xcconfig */ = {isa = PBXFileReference; includeInIndex = 1; lastKnownFileType = text.xcconfig; name = "Pods-iOSApp.debug.xcconfig"; path = "Pods/Target Support Files/Pods-iOSApp/Pods-iOSApp.debug.xcconfig"; sourceTree = "<group>"; };
		8B3BF82DF2C33E3953CA549B /* Pods-iOSApp.release.xcconfig */ = {isa = PBXFileReference; includeInIndex = 1; lastKnownFileType = text.xcconfig; name = "Pods-iOSApp.release.xcconfig"; path = "Pods/Target Support Files/Pods-iOSApp/Pods-iOSApp.release.xcconfig"; sourceTree = "<group>"; };
		D09810E51C86DE5F0025E968 /* Podfile */ = {isa = PBXFileReference; fileEncoding = 4; lastKnownFileType = text; path = Podfile; sourceTree = "<group>"; xcLanguageSpecificationIdentifier = xcode.lang.ruby; };
		D09810E71C875FE20025E968 /* Location.swift */ = {isa = PBXFileReference; fileEncoding = 4; lastKnownFileType = sourcecode.swift; path = Location.swift; sourceTree = "<group>"; };
		D09810E91C87688E0025E968 /* LocationViewController.swift */ = {isa = PBXFileReference; fileEncoding = 4; lastKnownFileType = sourcecode.swift; path = LocationViewController.swift; sourceTree = "<group>"; };
		D09810ED1C876D2F0025E968 /* MapViewController.swift */ = {isa = PBXFileReference; fileEncoding = 4; lastKnownFileType = sourcecode.swift; path = MapViewController.swift; sourceTree = "<group>"; };
		D09810EF1C8787420025E968 /* LocationTableViewCell.swift */ = {isa = PBXFileReference; fileEncoding = 4; lastKnownFileType = sourcecode.swift; path = LocationTableViewCell.swift; sourceTree = "<group>"; };
		D09810F61C8823240025E968 /* LandingViewController.swift */ = {isa = PBXFileReference; fileEncoding = 4; lastKnownFileType = sourcecode.swift; path = LandingViewController.swift; sourceTree = "<group>"; };
		D09810FB1C8A0E550025E968 /* InfoTableViewController.swift */ = {isa = PBXFileReference; fileEncoding = 4; lastKnownFileType = sourcecode.swift; path = InfoTableViewController.swift; sourceTree = "<group>"; };
		D09810FD1C8A1B0F0025E968 /* DeveloperViewController.swift */ = {isa = PBXFileReference; fileEncoding = 4; lastKnownFileType = sourcecode.swift; path = DeveloperViewController.swift; sourceTree = "<group>"; };
		D0E701D11C86DC77002F3FBF /* iOSApp.app */ = {isa = PBXFileReference; explicitFileType = wrapper.application; includeInIndex = 0; path = iOSApp.app; sourceTree = BUILT_PRODUCTS_DIR; };
		D0E701D41C86DC77002F3FBF /* AppDelegate.swift */ = {isa = PBXFileReference; lastKnownFileType = sourcecode.swift; path = AppDelegate.swift; sourceTree = "<group>"; };
		D0E701D61C86DC77002F3FBF /* LocationsViewController.swift */ = {isa = PBXFileReference; lastKnownFileType = sourcecode.swift; path = LocationsViewController.swift; sourceTree = "<group>"; };
		D0E701D91C86DC77002F3FBF /* Base */ = {isa = PBXFileReference; lastKnownFileType = file.storyboard; name = Base; path = Base.lproj/Main.storyboard; sourceTree = "<group>"; };
		D0E701DB1C86DC77002F3FBF /* Assets.xcassets */ = {isa = PBXFileReference; lastKnownFileType = folder.assetcatalog; path = Assets.xcassets; sourceTree = "<group>"; };
		D0E701DE1C86DC77002F3FBF /* Base */ = {isa = PBXFileReference; lastKnownFileType = file.storyboard; name = Base; path = Base.lproj/LaunchScreen.storyboard; sourceTree = "<group>"; };
		D0E701E01C86DC77002F3FBF /* Info.plist */ = {isa = PBXFileReference; lastKnownFileType = text.plist.xml; path = Info.plist; sourceTree = "<group>"; };
		D0E701E51C86DC77002F3FBF /* iOSAppTests.xctest */ = {isa = PBXFileReference; explicitFileType = wrapper.cfbundle; includeInIndex = 0; path = iOSAppTests.xctest; sourceTree = BUILT_PRODUCTS_DIR; };
		D0E701E91C86DC77002F3FBF /* iOSAppTests.swift */ = {isa = PBXFileReference; lastKnownFileType = sourcecode.swift; path = iOSAppTests.swift; sourceTree = "<group>"; };
		D0E701EB1C86DC77002F3FBF /* Info.plist */ = {isa = PBXFileReference; lastKnownFileType = text.plist.xml; path = Info.plist; sourceTree = "<group>"; };
		D0E701F01C86DC77002F3FBF /* iOSAppUITests.xctest */ = {isa = PBXFileReference; explicitFileType = wrapper.cfbundle; includeInIndex = 0; path = iOSAppUITests.xctest; sourceTree = BUILT_PRODUCTS_DIR; };
		D0E701F41C86DC77002F3FBF /* iOSAppUITests.swift */ = {isa = PBXFileReference; lastKnownFileType = sourcecode.swift; path = iOSAppUITests.swift; sourceTree = "<group>"; };
		D0E701F61C86DC77002F3FBF /* Info.plist */ = {isa = PBXFileReference; lastKnownFileType = text.plist.xml; path = Info.plist; sourceTree = "<group>"; };
		DD2EBB8156CB83115F3BB30C /* Pods_iOSApp.framework */ = {isa = PBXFileReference; explicitFileType = wrapper.framework; includeInIndex = 0; path = Pods_iOSApp.framework; sourceTree = BUILT_PRODUCTS_DIR; };
/* End PBXFileReference section */

/* Begin PBXFrameworksBuildPhase section */
		D0E701CE1C86DC77002F3FBF /* Frameworks */ = {
			isa = PBXFrameworksBuildPhase;
			buildActionMask = 2147483647;
			files = (
				A9FB2526462306FFD9E5240D /* Pods_iOSApp.framework in Frameworks */,
			);
			runOnlyForDeploymentPostprocessing = 0;
		};
		D0E701E21C86DC77002F3FBF /* Frameworks */ = {
			isa = PBXFrameworksBuildPhase;
			buildActionMask = 2147483647;
			files = (
			);
			runOnlyForDeploymentPostprocessing = 0;
		};
		D0E701ED1C86DC77002F3FBF /* Frameworks */ = {
			isa = PBXFrameworksBuildPhase;
			buildActionMask = 2147483647;
			files = (
			);
			runOnlyForDeploymentPostprocessing = 0;
		};
/* End PBXFrameworksBuildPhase section */

/* Begin PBXGroup section */
		3A8F7E2D7A499DEE7193663E /* Pods */ = {
			isa = PBXGroup;
			children = (
				74910DC104FE74D2A86E8FDC /* Pods-iOSApp.debug.xcconfig */,
				8B3BF82DF2C33E3953CA549B /* Pods-iOSApp.release.xcconfig */,
			);
			name = Pods;
			sourceTree = "<group>";
		};
		43D8F8F6ABADED60DB29099F /* Frameworks */ = {
			isa = PBXGroup;
			children = (
				DD2EBB8156CB83115F3BB30C /* Pods_iOSApp.framework */,
			);
			name = Frameworks;
			sourceTree = "<group>";
		};
		D09810EB1C876CA70025E968 /* Location */ = {
			isa = PBXGroup;
			children = (
				D0E701D61C86DC77002F3FBF /* LocationsViewController.swift */,
				D09810E91C87688E0025E968 /* LocationViewController.swift */,
			);
			name = Location;
			sourceTree = "<group>";
		};
		D09810EC1C876D160025E968 /* Map */ = {
			isa = PBXGroup;
			children = (
				D09810ED1C876D2F0025E968 /* MapViewController.swift */,
			);
			name = Map;
			sourceTree = "<group>";
		};
		D09810F51C8823070025E968 /* Landing */ = {
			isa = PBXGroup;
			children = (
				D09810F61C8823240025E968 /* LandingViewController.swift */,
			);
			name = Landing;
			sourceTree = "<group>";
		};
		D09810F81C8A0E1F0025E968 /* Info */ = {
			isa = PBXGroup;
			children = (
				D09810FB1C8A0E550025E968 /* InfoTableViewController.swift */,
				D09810FD1C8A1B0F0025E968 /* DeveloperViewController.swift */,
			);
			name = Info;
			sourceTree = "<group>";
		};
		D0E701C81C86DC77002F3FBF = {
			isa = PBXGroup;
			children = (
				D09810E51C86DE5F0025E968 /* Podfile */,
				D0E701D31C86DC77002F3FBF /* iOSApp */,
				D0E701E81C86DC77002F3FBF /* iOSAppTests */,
				D0E701F31C86DC77002F3FBF /* iOSAppUITests */,
				D0E701D21C86DC77002F3FBF /* Products */,
				3A8F7E2D7A499DEE7193663E /* Pods */,
				43D8F8F6ABADED60DB29099F /* Frameworks */,
			);
			sourceTree = "<group>";
		};
		D0E701D21C86DC77002F3FBF /* Products */ = {
			isa = PBXGroup;
			children = (
				D0E701D11C86DC77002F3FBF /* iOSApp.app */,
				D0E701E51C86DC77002F3FBF /* iOSAppTests.xctest */,
				D0E701F01C86DC77002F3FBF /* iOSAppUITests.xctest */,
			);
			name = Products;
			sourceTree = "<group>";
		};
		D0E701D31C86DC77002F3FBF /* iOSApp */ = {
			isa = PBXGroup;
			children = (
				D0E702021C86DC90002F3FBF /* Models */,
				D0E702031C86DC9A002F3FBF /* Views */,
				D0E702041C86DCA1002F3FBF /* Controllers */,
				D0E701D41C86DC77002F3FBF /* AppDelegate.swift */,
				D0E701D81C86DC77002F3FBF /* Main.storyboard */,
				D0E701DB1C86DC77002F3FBF /* Assets.xcassets */,
				D0E701DD1C86DC77002F3FBF /* LaunchScreen.storyboard */,
				D0E701E01C86DC77002F3FBF /* Info.plist */,
			);
			path = iOSApp;
			sourceTree = "<group>";
		};
		D0E701E81C86DC77002F3FBF /* iOSAppTests */ = {
			isa = PBXGroup;
			children = (
				D0E701E91C86DC77002F3FBF /* iOSAppTests.swift */,
				D0E701EB1C86DC77002F3FBF /* Info.plist */,
			);
			path = iOSAppTests;
			sourceTree = "<group>";
		};
		D0E701F31C86DC77002F3FBF /* iOSAppUITests */ = {
			isa = PBXGroup;
			children = (
				D0E701F41C86DC77002F3FBF /* iOSAppUITests.swift */,
				D0E701F61C86DC77002F3FBF /* Info.plist */,
			);
			path = iOSAppUITests;
			sourceTree = "<group>";
		};
		D0E702021C86DC90002F3FBF /* Models */ = {
			isa = PBXGroup;
			children = (
				D09810E71C875FE20025E968 /* Location.swift */,
			);
			name = Models;
			sourceTree = "<group>";
		};
		D0E702031C86DC9A002F3FBF /* Views */ = {
			isa = PBXGroup;
			children = (
				D09810EF1C8787420025E968 /* LocationTableViewCell.swift */,
			);
			name = Views;
			sourceTree = "<group>";
		};
		D0E702041C86DCA1002F3FBF /* Controllers */ = {
			isa = PBXGroup;
			children = (
				D09810F81C8A0E1F0025E968 /* Info */,
				D09810F51C8823070025E968 /* Landing */,
				D09810EC1C876D160025E968 /* Map */,
				D09810EB1C876CA70025E968 /* Location */,
			);
			name = Controllers;
			sourceTree = "<group>";
		};
/* End PBXGroup section */

/* Begin PBXNativeTarget section */
		D0E701D01C86DC77002F3FBF /* iOSApp */ = {
			isa = PBXNativeTarget;
			buildConfigurationList = D0E701F91C86DC77002F3FBF /* Build configuration list for PBXNativeTarget "iOSApp" */;
			buildPhases = (
				E553D513D43D3FA62318C2C4 /* Check Pods Manifest.lock */,
				D0E701CD1C86DC77002F3FBF /* Sources */,
				D0E701CE1C86DC77002F3FBF /* Frameworks */,
				D0E701CF1C86DC77002F3FBF /* Resources */,
				B176378F5564001501E07BA3 /* Embed Pods Frameworks */,
				A9ABF80DFF518311ABE6651F /* Copy Pods Resources */,
			);
			buildRules = (
			);
			dependencies = (
			);
			name = iOSApp;
			productName = iOSApp;
			productReference = D0E701D11C86DC77002F3FBF /* iOSApp.app */;
			productType = "com.apple.product-type.application";
		};
		D0E701E41C86DC77002F3FBF /* iOSAppTests */ = {
			isa = PBXNativeTarget;
			buildConfigurationList = D0E701FC1C86DC77002F3FBF /* Build configuration list for PBXNativeTarget "iOSAppTests" */;
			buildPhases = (
				D0E701E11C86DC77002F3FBF /* Sources */,
				D0E701E21C86DC77002F3FBF /* Frameworks */,
				D0E701E31C86DC77002F3FBF /* Resources */,
			);
			buildRules = (
			);
			dependencies = (
				D0E701E71C86DC77002F3FBF /* PBXTargetDependency */,
			);
			name = iOSAppTests;
			productName = iOSAppTests;
			productReference = D0E701E51C86DC77002F3FBF /* iOSAppTests.xctest */;
			productType = "com.apple.product-type.bundle.unit-test";
		};
		D0E701EF1C86DC77002F3FBF /* iOSAppUITests */ = {
			isa = PBXNativeTarget;
			buildConfigurationList = D0E701FF1C86DC77002F3FBF /* Build configuration list for PBXNativeTarget "iOSAppUITests" */;
			buildPhases = (
				D0E701EC1C86DC77002F3FBF /* Sources */,
				D0E701ED1C86DC77002F3FBF /* Frameworks */,
				D0E701EE1C86DC77002F3FBF /* Resources */,
			);
			buildRules = (
			);
			dependencies = (
				D0E701F21C86DC77002F3FBF /* PBXTargetDependency */,
			);
			name = iOSAppUITests;
			productName = iOSAppUITests;
			productReference = D0E701F01C86DC77002F3FBF /* iOSAppUITests.xctest */;
			productType = "com.apple.product-type.bundle.ui-testing";
		};
/* End PBXNativeTarget section */

/* Begin PBXProject section */
		D0E701C91C86DC77002F3FBF /* Project object */ = {
			isa = PBXProject;
			attributes = {
				LastSwiftUpdateCheck = 0720;
				LastUpgradeCheck = 0720;
				ORGANIZATIONNAME = "Peter Hitchcock";
				TargetAttributes = {
					D0E701D01C86DC77002F3FBF = {
						CreatedOnToolsVersion = 7.2.1;
						DevelopmentTeam = 36CUT7YB68;
						SystemCapabilities = {
							com.apple.BackgroundModes = {
								enabled = 1;
							};
						};
					};
					D0E701E41C86DC77002F3FBF = {
						CreatedOnToolsVersion = 7.2.1;
						TestTargetID = D0E701D01C86DC77002F3FBF;
					};
					D0E701EF1C86DC77002F3FBF = {
						CreatedOnToolsVersion = 7.2.1;
						TestTargetID = D0E701D01C86DC77002F3FBF;
					};
				};
			};
			buildConfigurationList = D0E701CC1C86DC77002F3FBF /* Build configuration list for PBXProject "iOSApp" */;
			compatibilityVersion = "Xcode 3.2";
			developmentRegion = English;
			hasScannedForEncodings = 0;
			knownRegions = (
				en,
				Base,
			);
			mainGroup = D0E701C81C86DC77002F3FBF;
			productRefGroup = D0E701D21C86DC77002F3FBF /* Products */;
			projectDirPath = "";
			projectRoot = "";
			targets = (
				D0E701D01C86DC77002F3FBF /* iOSApp */,
				D0E701E41C86DC77002F3FBF /* iOSAppTests */,
				D0E701EF1C86DC77002F3FBF /* iOSAppUITests */,
			);
		};
/* End PBXProject section */

/* Begin PBXResourcesBuildPhase section */
		D0E701CF1C86DC77002F3FBF /* Resources */ = {
			isa = PBXResourcesBuildPhase;
			buildActionMask = 2147483647;
			files = (
				D0E701DF1C86DC77002F3FBF /* LaunchScreen.storyboard in Resources */,
				D0E701DC1C86DC77002F3FBF /* Assets.xcassets in Resources */,
				D09810E61C86DE5F0025E968 /* Podfile in Resources */,
				D0E701DA1C86DC77002F3FBF /* Main.storyboard in Resources */,
			);
			runOnlyForDeploymentPostprocessing = 0;
		};
		D0E701E31C86DC77002F3FBF /* Resources */ = {
			isa = PBXResourcesBuildPhase;
			buildActionMask = 2147483647;
			files = (
			);
			runOnlyForDeploymentPostprocessing = 0;
		};
		D0E701EE1C86DC77002F3FBF /* Resources */ = {
			isa = PBXResourcesBuildPhase;
			buildActionMask = 2147483647;
			files = (
			);
			runOnlyForDeploymentPostprocessing = 0;
		};
/* End PBXResourcesBuildPhase section */

/* Begin PBXShellScriptBuildPhase section */
		A9ABF80DFF518311ABE6651F /* Copy Pods Resources */ = {
			isa = PBXShellScriptBuildPhase;
			buildActionMask = 2147483647;
			files = (
			);
			inputPaths = (
			);
			name = "Copy Pods Resources";
			outputPaths = (
			);
			runOnlyForDeploymentPostprocessing = 0;
			shellPath = /bin/sh;
			shellScript = "\"${SRCROOT}/Pods/Target Support Files/Pods-iOSApp/Pods-iOSApp-resources.sh\"\n";
			showEnvVarsInLog = 0;
		};
		B176378F5564001501E07BA3 /* Embed Pods Frameworks */ = {
			isa = PBXShellScriptBuildPhase;
			buildActionMask = 2147483647;
			files = (
			);
			inputPaths = (
			);
			name = "Embed Pods Frameworks";
			outputPaths = (
			);
			runOnlyForDeploymentPostprocessing = 0;
			shellPath = /bin/sh;
			shellScript = "\"${SRCROOT}/Pods/Target Support Files/Pods-iOSApp/Pods-iOSApp-frameworks.sh\"\n";
			showEnvVarsInLog = 0;
		};
		E553D513D43D3FA62318C2C4 /* Check Pods Manifest.lock */ = {
			isa = PBXShellScriptBuildPhase;
			buildActionMask = 2147483647;
			files = (
			);
			inputPaths = (
			);
			name = "Check Pods Manifest.lock";
			outputPaths = (
			);
			runOnlyForDeploymentPostprocessing = 0;
			shellPath = /bin/sh;
			shellScript = "diff \"${PODS_ROOT}/../Podfile.lock\" \"${PODS_ROOT}/Manifest.lock\" > /dev/null\nif [[ $? != 0 ]] ; then\n    cat << EOM\nerror: The sandbox is not in sync with the Podfile.lock. Run 'pod install' or update your CocoaPods installation.\nEOM\n    exit 1\nfi\n";
			showEnvVarsInLog = 0;
		};
/* End PBXShellScriptBuildPhase section */

/* Begin PBXSourcesBuildPhase section */
		D0E701CD1C86DC77002F3FBF /* Sources */ = {
			isa = PBXSourcesBuildPhase;
			buildActionMask = 2147483647;
			files = (
				D09810F01C8787420025E968 /* LocationTableViewCell.swift in Sources */,
				D09810F71C8823240025E968 /* LandingViewController.swift in Sources */,
				D0E701D71C86DC77002F3FBF /* LocationsViewController.swift in Sources */,
				D09810FC1C8A0E550025E968 /* InfoTableViewController.swift in Sources */,
				D09810E81C875FE20025E968 /* Location.swift in Sources */,
				D0E701D51C86DC77002F3FBF /* AppDelegate.swift in Sources */,
				D09810EE1C876D2F0025E968 /* MapViewController.swift in Sources */,
				D09810EA1C87688E0025E968 /* LocationViewController.swift in Sources */,
				D09810FE1C8A1B0F0025E968 /* DeveloperViewController.swift in Sources */,
			);
			runOnlyForDeploymentPostprocessing = 0;
		};
		D0E701E11C86DC77002F3FBF /* Sources */ = {
			isa = PBXSourcesBuildPhase;
			buildActionMask = 2147483647;
			files = (
				D0E701EA1C86DC77002F3FBF /* iOSAppTests.swift in Sources */,
			);
			runOnlyForDeploymentPostprocessing = 0;
		};
		D0E701EC1C86DC77002F3FBF /* Sources */ = {
			isa = PBXSourcesBuildPhase;
			buildActionMask = 2147483647;
			files = (
				D0E701F51C86DC77002F3FBF /* iOSAppUITests.swift in Sources */,
			);
			runOnlyForDeploymentPostprocessing = 0;
		};
/* End PBXSourcesBuildPhase section */

/* Begin PBXTargetDependency section */
		D0E701E71C86DC77002F3FBF /* PBXTargetDependency */ = {
			isa = PBXTargetDependency;
			target = D0E701D01C86DC77002F3FBF /* iOSApp */;
			targetProxy = D0E701E61C86DC77002F3FBF /* PBXContainerItemProxy */;
		};
		D0E701F21C86DC77002F3FBF /* PBXTargetDependency */ = {
			isa = PBXTargetDependency;
			target = D0E701D01C86DC77002F3FBF /* iOSApp */;
			targetProxy = D0E701F11C86DC77002F3FBF /* PBXContainerItemProxy */;
		};
/* End PBXTargetDependency section */

/* Begin PBXVariantGroup section */
		D0E701D81C86DC77002F3FBF /* Main.storyboard */ = {
			isa = PBXVariantGroup;
			children = (
				D0E701D91C86DC77002F3FBF /* Base */,
			);
			name = Main.storyboard;
			sourceTree = "<group>";
		};
		D0E701DD1C86DC77002F3FBF /* LaunchScreen.storyboard */ = {
			isa = PBXVariantGroup;
			children = (
				D0E701DE1C86DC77002F3FBF /* Base */,
			);
			name = LaunchScreen.storyboard;
			sourceTree = "<group>";
		};
/* End PBXVariantGroup section */

/* Begin XCBuildConfiguration section */
		D0E701F71C86DC77002F3FBF /* Debug */ = {
			isa = XCBuildConfiguration;
			buildSettings = {
				ALWAYS_SEARCH_USER_PATHS = NO;
				CLANG_CXX_LANGUAGE_STANDARD = "gnu++0x";
				CLANG_CXX_LIBRARY = "libc++";
				CLANG_ENABLE_MODULES = YES;
				CLANG_ENABLE_OBJC_ARC = YES;
				CLANG_WARN_BOOL_CONVERSION = YES;
				CLANG_WARN_CONSTANT_CONVERSION = YES;
				CLANG_WARN_DIRECT_OBJC_ISA_USAGE = YES_ERROR;
				CLANG_WARN_EMPTY_BODY = YES;
				CLANG_WARN_ENUM_CONVERSION = YES;
				CLANG_WARN_INT_CONVERSION = YES;
				CLANG_WARN_OBJC_ROOT_CLASS = YES_ERROR;
				CLANG_WARN_UNREACHABLE_CODE = YES;
				CLANG_WARN__DUPLICATE_METHOD_MATCH = YES;
				CODE_SIGN_IDENTITY = "iPhone Developer";
				"CODE_SIGN_IDENTITY[sdk=iphoneos*]" = "iPhone Developer";
				COPY_PHASE_STRIP = NO;
				DEBUG_INFORMATION_FORMAT = dwarf;
				ENABLE_STRICT_OBJC_MSGSEND = YES;
				ENABLE_TESTABILITY = YES;
				GCC_C_LANGUAGE_STANDARD = gnu99;
				GCC_DYNAMIC_NO_PIC = NO;
				GCC_NO_COMMON_BLOCKS = YES;
				GCC_OPTIMIZATION_LEVEL = 0;
				GCC_PREPROCESSOR_DEFINITIONS = (
					"DEBUG=1",
					"$(inherited)",
				);
				GCC_WARN_64_TO_32_BIT_CONVERSION = YES;
				GCC_WARN_ABOUT_RETURN_TYPE = YES_ERROR;
				GCC_WARN_UNDECLARED_SELECTOR = YES;
				GCC_WARN_UNINITIALIZED_AUTOS = YES_AGGRESSIVE;
				GCC_WARN_UNUSED_FUNCTION = YES;
				GCC_WARN_UNUSED_VARIABLE = YES;
				IPHONEOS_DEPLOYMENT_TARGET = 9.2;
				MTL_ENABLE_DEBUG_INFO = YES;
				ONLY_ACTIVE_ARCH = YES;
				SDKROOT = iphoneos;
				SWIFT_OPTIMIZATION_LEVEL = "-Onone";
			};
			name = Debug;
		};
		D0E701F81C86DC77002F3FBF /* Release */ = {
			isa = XCBuildConfiguration;
			buildSettings = {
				ALWAYS_SEARCH_USER_PATHS = NO;
				CLANG_CXX_LANGUAGE_STANDARD = "gnu++0x";
				CLANG_CXX_LIBRARY = "libc++";
				CLANG_ENABLE_MODULES = YES;
				CLANG_ENABLE_OBJC_ARC = YES;
				CLANG_WARN_BOOL_CONVERSION = YES;
				CLANG_WARN_CONSTANT_CONVERSION = YES;
				CLANG_WARN_DIRECT_OBJC_ISA_USAGE = YES_ERROR;
				CLANG_WARN_EMPTY_BODY = YES;
				CLANG_WARN_ENUM_CONVERSION = YES;
				CLANG_WARN_INT_CONVERSION = YES;
				CLANG_WARN_OBJC_ROOT_CLASS = YES_ERROR;
				CLANG_WARN_UNREACHABLE_CODE = YES;
				CLANG_WARN__DUPLICATE_METHOD_MATCH = YES;
				CODE_SIGN_IDENTITY = "iPhone Distribution";
				"CODE_SIGN_IDENTITY[sdk=iphoneos*]" = "iPhone Distribution";
				COPY_PHASE_STRIP = NO;
				DEBUG_INFORMATION_FORMAT = "dwarf-with-dsym";
				ENABLE_NS_ASSERTIONS = NO;
				ENABLE_STRICT_OBJC_MSGSEND = YES;
				GCC_C_LANGUAGE_STANDARD = gnu99;
				GCC_NO_COMMON_BLOCKS = YES;
				GCC_WARN_64_TO_32_BIT_CONVERSION = YES;
				GCC_WARN_ABOUT_RETURN_TYPE = YES_ERROR;
				GCC_WARN_UNDECLARED_SELECTOR = YES;
				GCC_WARN_UNINITIALIZED_AUTOS = YES_AGGRESSIVE;
				GCC_WARN_UNUSED_FUNCTION = YES;
				GCC_WARN_UNUSED_VARIABLE = YES;
				IPHONEOS_DEPLOYMENT_TARGET = 9.2;
				MTL_ENABLE_DEBUG_INFO = NO;
				SDKROOT = iphoneos;
				VALIDATE_PRODUCT = YES;
			};
			name = Release;
		};
		D0E701FA1C86DC77002F3FBF /* Debug */ = {
			isa = XCBuildConfiguration;
			baseConfigurationReference = 74910DC104FE74D2A86E8FDC /* Pods-iOSApp.debug.xcconfig */;
			buildSettings = {
				ASSETCATALOG_COMPILER_APPICON_NAME = AppIcon;
				CODE_SIGN_IDENTITY = "iPhone Developer";
				"CODE_SIGN_IDENTITY[sdk=iphoneos*]" = "iPhone Developer";
				INFOPLIST_FILE = iOSApp/Info.plist;
				LD_RUNPATH_SEARCH_PATHS = "$(inherited) @executable_path/Frameworks";
				PRODUCT_BUNDLE_IDENTIFIER = com.petehitchcock.iOSApp;
				PRODUCT_NAME = "$(TARGET_NAME)";
				PROVISIONING_PROFILE = "";
			};
			name = Debug;
		};
		D0E701FB1C86DC77002F3FBF /* Release */ = {
			isa = XCBuildConfiguration;
			baseConfigurationReference = 8B3BF82DF2C33E3953CA549B /* Pods-iOSApp.release.xcconfig */;
			buildSettings = {
				ASSETCATALOG_COMPILER_APPICON_NAME = AppIcon;
				CODE_SIGN_IDENTITY = "iPhone Developer";
				"CODE_SIGN_IDENTITY[sdk=iphoneos*]" = "iPhone Developer";
				INFOPLIST_FILE = iOSApp/Info.plist;
				LD_RUNPATH_SEARCH_PATHS = "$(inherited) @executable_path/Frameworks";
				PRODUCT_BUNDLE_IDENTIFIER = com.petehitchcock.iOSApp;
				PRODUCT_NAME = "$(TARGET_NAME)";
				PROVISIONING_PROFILE = "";
			};
			name = Release;
		};
		D0E701FD1C86DC77002F3FBF /* Debug */ = {
			isa = XCBuildConfiguration;
			buildSettings = {
				BUNDLE_LOADER = "$(TEST_HOST)";
				INFOPLIST_FILE = iOSAppTests/Info.plist;
				LD_RUNPATH_SEARCH_PATHS = "$(inherited) @executable_path/Frameworks @loader_path/Frameworks";
				PRODUCT_BUNDLE_IDENTIFIER = com.petehitchcock.iOSAppTests;
				PRODUCT_NAME = "$(TARGET_NAME)";
				TEST_HOST = "$(BUILT_PRODUCTS_DIR)/iOSApp.app/iOSApp";
			};
			name = Debug;
		};
		D0E701FE1C86DC77002F3FBF /* Release */ = {
			isa = XCBuildConfiguration;
			buildSettings = {
				BUNDLE_LOADER = "$(TEST_HOST)";
				INFOPLIST_FILE = iOSAppTests/Info.plist;
				LD_RUNPATH_SEARCH_PATHS = "$(inherited) @executable_path/Frameworks @loader_path/Frameworks";
				PRODUCT_BUNDLE_IDENTIFIER = com.petehitchcock.iOSAppTests;
				PRODUCT_NAME = "$(TARGET_NAME)";
				TEST_HOST = "$(BUILT_PRODUCTS_DIR)/iOSApp.app/iOSApp";
			};
			name = Release;
		};
		D0E702001C86DC77002F3FBF /* Debug */ = {
			isa = XCBuildConfiguration;
			buildSettings = {
				INFOPLIST_FILE = iOSAppUITests/Info.plist;
				LD_RUNPATH_SEARCH_PATHS = "$(inherited) @executable_path/Frameworks @loader_path/Frameworks";
				PRODUCT_BUNDLE_IDENTIFIER = com.petehitchcock.iOSAppUITests;
				PRODUCT_NAME = "$(TARGET_NAME)";
				TEST_TARGET_NAME = iOSApp;
				USES_XCTRUNNER = YES;
			};
			name = Debug;
		};
		D0E702011C86DC77002F3FBF /* Release */ = {
			isa = XCBuildConfiguration;
			buildSettings = {
				INFOPLIST_FILE = iOSAppUITests/Info.plist;
				LD_RUNPATH_SEARCH_PATHS = "$(inherited) @executable_path/Frameworks @loader_path/Frameworks";
				PRODUCT_BUNDLE_IDENTIFIER = com.petehitchcock.iOSAppUITests;
				PRODUCT_NAME = "$(TARGET_NAME)";
				TEST_TARGET_NAME = iOSApp;
				USES_XCTRUNNER = YES;
			};
			name = Release;
		};
/* End XCBuildConfiguration section */

/* Begin XCConfigurationList section */
		D0E701CC1C86DC77002F3FBF /* Build configuration list for PBXProject "iOSApp" */ = {
			isa = XCConfigurationList;
			buildConfigurations = (
				D0E701F71C86DC77002F3FBF /* Debug */,
				D0E701F81C86DC77002F3FBF /* Release */,
			);
			defaultConfigurationIsVisible = 0;
			defaultConfigurationName = Release;
		};
		D0E701F91C86DC77002F3FBF /* Build configuration list for PBXNativeTarget "iOSApp" */ = {
			isa = XCConfigurationList;
			buildConfigurations = (
				D0E701FA1C86DC77002F3FBF /* Debug */,
				D0E701FB1C86DC77002F3FBF /* Release */,
			);
			defaultConfigurationIsVisible = 0;
			defaultConfigurationName = Release;
		};
		D0E701FC1C86DC77002F3FBF /* Build configuration list for PBXNativeTarget "iOSAppTests" */ = {
			isa = XCConfigurationList;
			buildConfigurations = (
				D0E701FD1C86DC77002F3FBF /* Debug */,
				D0E701FE1C86DC77002F3FBF /* Release */,
			);
			defaultConfigurationIsVisible = 0;
			defaultConfigurationName = Release;
		};
		D0E701FF1C86DC77002F3FBF /* Build configuration list for PBXNativeTarget "iOSAppUITests" */ = {
			isa = XCConfigurationList;
			buildConfigurations = (
				D0E702001C86DC77002F3FBF /* Debug */,
				D0E702011C86DC77002F3FBF /* Release */,
			);
			defaultConfigurationIsVisible = 0;
			defaultConfigurationName = Release;
		};
/* End XCConfigurationList section */
	};
	rootObject = D0E701C91C86DC77002F3FBF /* Project object */;
}
